id: kyttar_costas_loop
label: 🧪 Kyttar Costas Loop
category: '[Kyttar]'

templates:
  imports: from gnuradio import kyttar
  make: kyttar.complex_costas_loop(${device_id}, ${loop_bw}, ${damping})

parameters:
- id: device_id
  label: Device ID
  dtype: string
  default: '"kyttar_0"'

- id: loop_bw
  label: Loop Bandwidth
  dtype: real
  default: '0.05'

- id: damping
  label: Damping Factor
  dtype: real
  default: '1.0'

inputs:
- label: xi
  domain: stream
  dtype: complex

outputs:
- label: yi_tap
  domain: stream
  dtype: float

documentation: |-
  🧪 PROOF-OF-CONCEPT: this block works in a demo but has NOT been through
  per-block GNU Radio-equivalence verification. Use with care.

  Complex Costas Loop — decision-directed BPSK carrier recovery.

  Takes the COMPLEX baseband (xi = in-phase, xq = quadrature) and recovers the
  carrier, emitting yi_tap = the derotated in-phase (the recovered I). The port
  names (xi, xq, yi_tap) and params (loop_bw, damping) match the placeKYT
  ComplexCostasLoopBlock interface, so a flowgraph using this block wires up and
  imports into placeKYT cleanly.

  Parameters:
    Device ID: which Kyttar device to use
    Loop Bandwidth: normalized loop bandwidth (default 0.05)
    Damping Factor: loop damping (default 1.0)

file_format: 1
