id: kyttar_costas_loop
label: 🧪 Kyttar Costas Loop
category: '[Kyttar]'

templates:
  imports: from gnuradio import kyttar
  make: kyttar.complex_costas_loop(${device_id}, ${loop_bw}, ${damping}, ${order})

parameters:
- id: device_id
  label: Device ID
  dtype: string
  default: '"kyttar_0"'

- id: loop_bw
  label: Loop Bandwidth
  dtype: real
  default: '0.05'

- id: damping
  label: Damping Factor
  dtype: real
  default: '1.0'

- id: order
  label: Constellation Order
  dtype: int
  default: '2'

inputs:
- label: xi
  domain: stream
  dtype: complex

outputs:
- id: '0'
  label: yi_tap
  domain: stream
  dtype: float
# order=4 (QPSK) taps out the recovered Q rail as a second real output. GNU Radio
# collapses an I/Q pair into one complex port; here the recovered (yi_tap, yq_tap)
# leave as two real rails (the on-chip qpd output cell emits the pair), matching the
# order-4 ComplexCostasLoopBlock PortMap so the placeKYT importer wires both rails.
- id: '1'
  label: yq_tap
  domain: stream
  dtype: float
  hide: ${ 'none' if order == 4 else 'all' }

documentation: |-
  🧪 PROOF-OF-CONCEPT: this block works in a demo but has NOT been through
  per-block GNU Radio-equivalence verification. Use with care.

  Complex Costas Loop — decision-directed BPSK carrier recovery.

  Takes the COMPLEX baseband (xi = in-phase, xq = quadrature) and recovers the
  carrier, emitting yi_tap = the derotated in-phase (the recovered I). The port
  names (xi, xq, yi_tap) and params (loop_bw, damping) match the placeKYT
  ComplexCostasLoopBlock interface, so a flowgraph using this block wires up and
  imports into placeKYT cleanly.

  Parameters:
    Device ID: which Kyttar device to use
    Loop Bandwidth: normalized loop bandwidth (default 0.05)
    Damping Factor: loop damping (default 1.0)
    Constellation Order: 2 = BPSK (default), 4 = QPSK. Matches GNU Radio
      digital.costas_loop_cc(loop_bw, order). At order=4 the block runs the 2-term
      QPSK phase detector and taps out BOTH recovered rails (yi_tap + yq_tap).

file_format: 1
